
Microsoft Visual Studio Solution File, Format Version 12.00
# Visual Studio 15
VisualStudioVersion = 15.0.28307.1778
MinimumVisualStudioVersion = 10.0.40219.1
Project("{FAE04EC0-301F-11D3-BF4B-00C04F79EFBC}") = "SPATemplateConversion.MVC.UI", "SPATemplateConversion.MVC.UI\SPATemplateConversion.MVC.UI.csproj", "{2616675F-86D7-49B3-BF9B-987DCB4F0593}"
EndProject
Project("{2150E333-8FDC-42A3-9474-1A3956D46DE8}") = "Solution Items", "Solution Items", "{36BC448E-BFE0-4DFB-87FB-6E9815A2AF02}"
	ProjectSection(SolutionItems) = preProject
		.gitignore = .gitignore
	EndProjectSection
EndProject
Global
	GlobalSection(SolutionConfigurationPlatforms) = preSolution
		Debug|Any CPU = Debug|Any CPU
		Release|Any CPU = Release|Any CPU
	EndGlobalSection
	GlobalSection(ProjectConfigurationPlatforms) = postSolution
		{2616675F-86D7-49B3-BF9B-987DCB4F0593}.Debug|Any CPU.ActiveCfg = Debug|Any CPU
		{2616675F-86D7-49B3-BF9B-987DCB4F0593}.Debug|Any CPU.Build.0 = Debug|Any CPU
		{2616675F-86D7-49B3-BF9B-987DCB4F0593}.Release|Any CPU.ActiveCfg = Release|Any CPU
		{2616675F-86D7-49B3-BF9B-987DCB4F0593}.Release|Any CPU.Build.0 = Release|Any CPU
	EndGlobalSection
	GlobalSection(SolutionProperties) = preSolution
		HideSolutionNode = FALSE
	EndGlobalSection
	GlobalSection(ExtensibilityGlobals) = postSolution
		SolutionGuid = {649D96DD-C4B1-4D45-97FC-59021AEB7E4D}
	EndGlobalSection
EndGlobal
